
Microsoft Visual Studio Solution File, Format Version 12.00
# Visual Studio 15
VisualStudioVersion = 15.0.26730.12
MinimumVisualStudioVersion = 10.0.40219.1
Project("{FAE04EC0-301F-11D3-BF4B-00C04F79EFBC}") = "WindowsFormsApp6", "WindowsFormsApp6\WindowsFormsApp6.csproj", "{ABD0698D-FC35-4D71-BA69-D6AD16E0CA6D}"
EndProject
Global
	GlobalSection(SolutionConfigurationPlatforms) = preSolution
		Debug|Any CPU = Debug|Any CPU
		Release|Any CPU = Release|Any CPU
	EndGlobalSection
	GlobalSection(ProjectConfigurationPlatforms) = postSolution
		{ABD0698D-FC35-4D71-BA69-D6AD16E0CA6D}.Debug|Any CPU.ActiveCfg = Debug|Any CPU
		{ABD0698D-FC35-4D71-BA69-D6AD16E0CA6D}.Debug|Any CPU.Build.0 = Debug|Any CPU
		{ABD0698D-FC35-4D71-BA69-D6AD16E0CA6D}.Release|Any CPU.ActiveCfg = Release|Any CPU
		{ABD0698D-FC35-4D71-BA69-D6AD16E0CA6D}.Release|Any CPU.Build.0 = Release|Any CPU
	EndGlobalSection
	GlobalSection(SolutionProperties) = preSolution
		HideSolutionNode = FALSE
	EndGlobalSection
	GlobalSection(ExtensibilityGlobals) = postSolution
		SolutionGuid = {32B42D88-45C4-498F-8EEB-18D19AC732ED}
	EndGlobalSection
EndGlobal
